
Microsoft Visual Studio Solution File, Format Version 12.00
# Visual Studio Version 17
VisualStudioVersion = 17.13.35913.81 d17.13
MinimumVisualStudioVersion = 10.0.40219.1
Project("{8BC9CEB8-8B4A-11D0-8D11-00A0C91BC942}") = "Llevalo", "Llevalo\Llevalo.vcxproj", "{3D4BCDAB-F84C-4D5D-A2BA-A6B9396C539B}"
EndProject
Global
	GlobalSection(SolutionConfigurationPlatforms) = preSolution
		Debug|x64 = Debug|x64
		Debug|x86 = Debug|x86
		Release|x64 = Release|x64
		Release|x86 = Release|x86
	EndGlobalSection
	GlobalSection(ProjectConfigurationPlatforms) = postSolution
		{3D4BCDAB-F84C-4D5D-A2BA-A6B9396C539B}.Debug|x64.ActiveCfg = Debug|x64
		{3D4BCDAB-F84C-4D5D-A2BA-A6B9396C539B}.Debug|x64.Build.0 = Debug|x64
		{3D4BCDAB-F84C-4D5D-A2BA-A6B9396C539B}.Debug|x86.ActiveCfg = Debug|Win32
		{3D4BCDAB-F84C-4D5D-A2BA-A6B9396C539B}.Debug|x86.Build.0 = Debug|Win32
		{3D4BCDAB-F84C-4D5D-A2BA-A6B9396C539B}.Release|x64.ActiveCfg = Release|x64
		{3D4BCDAB-F84C-4D5D-A2BA-A6B9396C539B}.Release|x64.Build.0 = Release|x64
		{3D4BCDAB-F84C-4D5D-A2BA-A6B9396C539B}.Release|x86.ActiveCfg = Release|Win32
		{3D4BCDAB-F84C-4D5D-A2BA-A6B9396C539B}.Release|x86.Build.0 = Release|Win32
	EndGlobalSection
	GlobalSection(SolutionProperties) = preSolution
		HideSolutionNode = FALSE
	EndGlobalSection
	GlobalSection(ExtensibilityGlobals) = postSolution
		SolutionGuid = {07D253CB-10BF-4C76-8281-7259394D2CC5}
	EndGlobalSection
EndGlobal
