<?xml version="1.0" encoding="utf-8"?>
<Project ToolsVersion="4.0" xmlns="http://schemas.microsoft.com/developer/msbuild/2003">
  <ItemGroup>
    <ClCompile Include="Trabajo Parcial.cpp" />
  </ItemGroup>
  <ItemGroup>
    <ClInclude Include="ArbolB.h" />
    <ClInclude Include="ArbolBB.h" />
    <ClInclude Include="archivo.h" />
    <ClInclude Include="Carrito.h" />
    <ClInclude Include="Cliente.h" />
    <ClInclude Include="Cola.h" />
    <ClInclude Include="Cola_.h" />
    <ClInclude Include="HashEntidad.h" />
    <ClInclude Include="Heap.h" />
    <ClInclude Include="Lista.h" />
    <ClInclude Include="Menu.h" />
    <ClInclude Include="Nodo.h" />
    <ClInclude Include="NodoC.h" />
    <ClInclude Include="Ordenamientos.h" />
    <ClInclude Include="producto.h" />
    <ClInclude Include="Repartidor.h" />
    <ClInclude Include="TablaHash.h" />
    <ClInclude Include="User.h" />
  </ItemGroup>
  <ItemGroup>
    <Text Include="productos_Bebidas.txt" />
    <Text Include="productos_Comida.txt" />
    <Text Include="productos_Salud.txt" />
    <Text Include="historial_Productos.txt" />
  </ItemGroup>
</Project>